
Microsoft Visual Studio Solution File, Format Version 11.00
# Visual Studio 2010
Project("{FAE04EC0-301F-11D3-BF4B-00C04F79EFBC}") = "tdk_data_exchange", "tdk_data_exchange\tdk_data_exchange.csproj", "{FA348A89-EB41-4580-891B-15AC9B1A9247}"
EndProject
Global
	GlobalSection(SolutionConfigurationPlatforms) = preSolution
		Debug|Any CPU = Debug|Any CPU
		Release|Any CPU = Release|Any CPU
	EndGlobalSection
	GlobalSection(ProjectConfigurationPlatforms) = postSolution
		{FA348A89-EB41-4580-891B-15AC9B1A9247}.Debug|Any CPU.ActiveCfg = Debug|Any CPU
		{FA348A89-EB41-4580-891B-15AC9B1A9247}.Debug|Any CPU.Build.0 = Debug|Any CPU
		{FA348A89-EB41-4580-891B-15AC9B1A9247}.Release|Any CPU.ActiveCfg = Release|Any CPU
		{FA348A89-EB41-4580-891B-15AC9B1A9247}.Release|Any CPU.Build.0 = Release|Any CPU
	EndGlobalSection
	GlobalSection(SolutionProperties) = preSolution
		HideSolutionNode = FALSE
	EndGlobalSection
EndGlobal
